<?xml version="1.0" encoding="utf-8"?>
<Project ToolsVersion="4.0" xmlns="http://schemas.microsoft.com/developer/msbuild/2003">
  <ItemGroup>
    <Filter Include="Source Files">
      <UniqueIdentifier>{4FC737F1-C7A5-4376-A066-2A32D752A2FF}</UniqueIdentifier>
      <Extensions>cpp;c;cc;cxx;def;odl;idl;hpj;bat;asm;asmx</Extensions>
    </Filter>
    <Filter Include="Headers">
      <UniqueIdentifier>{93995380-89BD-4b04-88EB-625FBE52EBFB}</UniqueIdentifier>
      <Extensions>h;hh;hpp;hxx;hm;inl;inc;ipp;xsd</Extensions>
    </Filter>
    <Filter Include="Resource Files">
      <UniqueIdentifier>{67DA6AB6-F800-4c08-8B7A-83BB121AAD01}</UniqueIdentifier>
      <Extensions>rc;ico;cur;bmp;dlg;rc2;rct;bin;rgs;gif;jpg;jpeg;jpe;resx;tiff;tif;png;wav;mfcribbon-ms</Extensions>
    </Filter>
    <Filter Include="Gameplay Objects">
      <UniqueIdentifier>{efa3cdb9-0ffb-4513-b591-8e68bcdc4265}</UniqueIdentifier>
    </Filter>
    <Filter Include="Screens">
      <UniqueIdentifier>{bc8d7ad4-fed8-4126-83c4-e551849dd51d}</UniqueIdentifier>
    </Filter>
    <Filter Include="Menu Objects">
      <UniqueIdentifier>{80d29190-89ab-4ce0-bbe0-0928708ac43a}</UniqueIdentifier>
    </Filter>
  </ItemGroup>
  <ItemGroup>
    <ClCompile Include="..\src\main.cpp">
      <Filter>Source Files</Filter>
    </ClCompile>
    <ClCompile Include="..\src\flowManager.cpp">
      <Filter>Source Files</Filter>
    </ClCompile>
    <ClCompile Include="..\src\screen.cpp">
      <Filter>Source Files</Filter>
    </ClCompile>
    <ClCompile Include="..\src\rectangle.cpp">
      <Filter>Source Files</Filter>
    </ClCompile>
    <ClCompile Include="..\src\gameScreen.cpp">
      <Filter>Screens</Filter>
    </ClCompile>
    <ClCompile Include="..\src\gameObject.cpp">
      <Filter>Source Files</Filter>
    </ClCompile>
    <ClCompile Include="..\src\animatedSprite.cpp">
      <Filter>Source Files</Filter>
    </ClCompile>
    <ClCompile Include="..\src\sprite.cpp">
      <Filter>Source Files</Filter>
    </ClCompile>
    <ClCompile Include="..\src\cursor.cpp">
      <Filter>Gameplay Objects</Filter>
    </ClCompile>
    <ClCompile Include="..\src\thanatos.cpp">
      <Filter>Gameplay Objects</Filter>
    </ClCompile>
    <ClCompile Include="..\src\drone.cpp">
      <Filter>Gameplay Objects</Filter>
    </ClCompile>
    <ClCompile Include="..\src\attack.cpp">
      <Filter>Gameplay Objects</Filter>
    </ClCompile>
    <ClCompile Include="..\src\pyrnos.cpp">
      <Filter>Gameplay Objects</Filter>
    </ClCompile>
    <ClCompile Include="..\src\velos.cpp">
      <Filter>Gameplay Objects</Filter>
    </ClCompile>
    <ClCompile Include="..\src\explosion.cpp">
      <Filter>Gameplay Objects</Filter>
    </ClCompile>
    <ClCompile Include="..\src\enemy.cpp">
      <Filter>Gameplay Objects</Filter>
    </ClCompile>
    <ClCompile Include="..\src\padaros.cpp">
      <Filter>Gameplay Objects</Filter>
    </ClCompile>
    <ClCompile Include="..\src\sfaira.cpp">
      <Filter>Gameplay Objects</Filter>
    </ClCompile>
    <ClCompile Include="..\src\waveManager.cpp">
      <Filter>Gameplay Objects</Filter>
    </ClCompile>
    <ClCompile Include="..\src\menuScreen.cpp">
      <Filter>Screens</Filter>
    </ClCompile>
    <ClCompile Include="..\src\button.cpp">
      <Filter>Menu Objects</Filter>
    </ClCompile>
  </ItemGroup>
  <ItemGroup>
    <ClInclude Include="..\src\flowManager.h">
      <Filter>Headers</Filter>
    </ClInclude>
    <ClInclude Include="..\src\screen.h">
      <Filter>Headers</Filter>
    </ClInclude>
    <ClInclude Include="..\src\rectangle.h">
      <Filter>Headers</Filter>
    </ClInclude>
    <ClInclude Include="..\src\gameScreen.h">
      <Filter>Screens</Filter>
    </ClInclude>
    <ClInclude Include="..\src\gameObject.h">
      <Filter>Headers</Filter>
    </ClInclude>
    <ClInclude Include="..\src\sprite.h">
      <Filter>Headers</Filter>
    </ClInclude>
    <ClInclude Include="..\src\cursor.h">
      <Filter>Gameplay Objects</Filter>
    </ClInclude>
    <ClInclude Include="..\src\thanatos.h">
      <Filter>Gameplay Objects</Filter>
    </ClInclude>
    <ClInclude Include="..\src\drone.h">
      <Filter>Gameplay Objects</Filter>
    </ClInclude>
    <ClInclude Include="..\src\animatedSprite.h">
      <Filter>Headers</Filter>
    </ClInclude>
    <ClInclude Include="..\src\attack.h">
      <Filter>Gameplay Objects</Filter>
    </ClInclude>
    <ClInclude Include="..\src\pyrnos.h">
      <Filter>Gameplay Objects</Filter>
    </ClInclude>
    <ClInclude Include="..\src\velos.h">
      <Filter>Gameplay Objects</Filter>
    </ClInclude>
    <ClInclude Include="..\src\explosion.h">
      <Filter>Gameplay Objects</Filter>
    </ClInclude>
    <ClInclude Include="..\src\enemy.h">
      <Filter>Gameplay Objects</Filter>
    </ClInclude>
    <ClInclude Include="..\src\padaros.h">
      <Filter>Gameplay Objects</Filter>
    </ClInclude>
    <ClInclude Include="..\src\sfaira.h">
      <Filter>Gameplay Objects</Filter>
    </ClInclude>
    <ClInclude Include="..\src\waveManager.h">
      <Filter>Gameplay Objects</Filter>
    </ClInclude>
    <ClInclude Include="..\src\menuScreen.h">
      <Filter>Screens</Filter>
    </ClInclude>
    <ClInclude Include="..\src\button.h">
      <Filter>Menu Objects</Filter>
    </ClInclude>
  </ItemGroup>
</Project>